
Microsoft Visual Studio Solution File, Format Version 12.00
# Visual Studio Version 16
VisualStudioVersion = 16.0.31402.337
MinimumVisualStudioVersion = 10.0.40219.1
Project("{FAE04EC0-301F-11D3-BF4B-00C04F79EFBC}") = "HuffmanCompression", "HuffmanCompression\HuffmanCompression.csproj", "{BD4E5B7B-EF66-4868-A71F-10B97CB9828F}"
	ProjectSection(ProjectDependencies) = postProject
		{39A65E89-0205-4423-9939-B49336B868B8} = {39A65E89-0205-4423-9939-B49336B868B8}
	EndProjectSection
EndProject
Project("{8BC9CEB8-8B4A-11D0-8D11-00A0C91BC942}") = "AsmDll", "AsmDll\AsmDll.vcxproj", "{39A65E89-0205-4423-9939-B49336B868B8}"
EndProject
Global
	GlobalSection(SolutionConfigurationPlatforms) = preSolution
		Debug|Any CPU = Debug|Any CPU
		Debug|x64 = Debug|x64
		Debug|x86 = Debug|x86
		Release|Any CPU = Release|Any CPU
		Release|x64 = Release|x64
		Release|x86 = Release|x86
	EndGlobalSection
	GlobalSection(ProjectConfigurationPlatforms) = postSolution
		{BD4E5B7B-EF66-4868-A71F-10B97CB9828F}.Debug|Any CPU.ActiveCfg = Debug|Any CPU
		{BD4E5B7B-EF66-4868-A71F-10B97CB9828F}.Debug|Any CPU.Build.0 = Debug|Any CPU
		{BD4E5B7B-EF66-4868-A71F-10B97CB9828F}.Debug|x64.ActiveCfg = Debug|Any CPU
		{BD4E5B7B-EF66-4868-A71F-10B97CB9828F}.Debug|x64.Build.0 = Debug|Any CPU
		{BD4E5B7B-EF66-4868-A71F-10B97CB9828F}.Debug|x86.ActiveCfg = Debug|Any CPU
		{BD4E5B7B-EF66-4868-A71F-10B97CB9828F}.Debug|x86.Build.0 = Debug|Any CPU
		{BD4E5B7B-EF66-4868-A71F-10B97CB9828F}.Release|Any CPU.ActiveCfg = Release|Any CPU
		{BD4E5B7B-EF66-4868-A71F-10B97CB9828F}.Release|Any CPU.Build.0 = Release|Any CPU
		{BD4E5B7B-EF66-4868-A71F-10B97CB9828F}.Release|x64.ActiveCfg = Release|Any CPU
		{BD4E5B7B-EF66-4868-A71F-10B97CB9828F}.Release|x64.Build.0 = Release|Any CPU
		{BD4E5B7B-EF66-4868-A71F-10B97CB9828F}.Release|x86.ActiveCfg = Release|Any CPU
		{BD4E5B7B-EF66-4868-A71F-10B97CB9828F}.Release|x86.Build.0 = Release|Any CPU
		{39A65E89-0205-4423-9939-B49336B868B8}.Debug|Any CPU.ActiveCfg = Debug|Win32
		{39A65E89-0205-4423-9939-B49336B868B8}.Debug|x64.ActiveCfg = Debug|x64
		{39A65E89-0205-4423-9939-B49336B868B8}.Debug|x64.Build.0 = Debug|x64
		{39A65E89-0205-4423-9939-B49336B868B8}.Debug|x86.ActiveCfg = Debug|Win32
		{39A65E89-0205-4423-9939-B49336B868B8}.Debug|x86.Build.0 = Debug|Win32
		{39A65E89-0205-4423-9939-B49336B868B8}.Release|Any CPU.ActiveCfg = Release|Win32
		{39A65E89-0205-4423-9939-B49336B868B8}.Release|x64.ActiveCfg = Release|x64
		{39A65E89-0205-4423-9939-B49336B868B8}.Release|x64.Build.0 = Release|x64
		{39A65E89-0205-4423-9939-B49336B868B8}.Release|x86.ActiveCfg = Release|Win32
		{39A65E89-0205-4423-9939-B49336B868B8}.Release|x86.Build.0 = Release|Win32
	EndGlobalSection
	GlobalSection(SolutionProperties) = preSolution
		HideSolutionNode = FALSE
	EndGlobalSection
	GlobalSection(ExtensibilityGlobals) = postSolution
		SolutionGuid = {70585C72-184D-4890-9B0E-CD2995A62B83}
	EndGlobalSection
EndGlobal
